
Microsoft Visual Studio Solution File, Format Version 12.00
# Visual Studio Version 17
VisualStudioVersion = 17.9.34622.214
MinimumVisualStudioVersion = 10.0.40219.1
Project("{FAE04EC0-301F-11D3-BF4B-00C04F79EFBC}") = "Homework_Class_08", "Homework_Class_08\Homework_Class_08.csproj", "{C80F9A3C-DE38-49BC-8592-CDC207B951BD}"
EndProject
Global
	GlobalSection(SolutionConfigurationPlatforms) = preSolution
		Debug|Any CPU = Debug|Any CPU
		Release|Any CPU = Release|Any CPU
	EndGlobalSection
	GlobalSection(ProjectConfigurationPlatforms) = postSolution
		{C80F9A3C-DE38-49BC-8592-CDC207B951BD}.Debug|Any CPU.ActiveCfg = Debug|Any CPU
		{C80F9A3C-DE38-49BC-8592-CDC207B951BD}.Debug|Any CPU.Build.0 = Debug|Any CPU
		{C80F9A3C-DE38-49BC-8592-CDC207B951BD}.Release|Any CPU.ActiveCfg = Release|Any CPU
		{C80F9A3C-DE38-49BC-8592-CDC207B951BD}.Release|Any CPU.Build.0 = Release|Any CPU
	EndGlobalSection
	GlobalSection(SolutionProperties) = preSolution
		HideSolutionNode = FALSE
	EndGlobalSection
	GlobalSection(ExtensibilityGlobals) = postSolution
		SolutionGuid = {41C01782-3ECD-4E86-8420-747CD89964B5}
	EndGlobalSection
EndGlobal
